
Microsoft Visual Studio Solution File, Format Version 12.00
# Visual Studio Version 17
VisualStudioVersion = 17.2.32526.322
MinimumVisualStudioVersion = 10.0.40219.1
Project("{FAE04EC0-301F-11D3-BF4B-00C04F79EFBC}") = "EmployeeDetail App", "EmployeeDetail App\EmployeeDetail App.csproj", "{745D0158-2D7C-4192-AC89-BA0067235FAB}"
EndProject
Global
	GlobalSection(SolutionConfigurationPlatforms) = preSolution
		Debug|Any CPU = Debug|Any CPU
		Release|Any CPU = Release|Any CPU
	EndGlobalSection
	GlobalSection(ProjectConfigurationPlatforms) = postSolution
		{745D0158-2D7C-4192-AC89-BA0067235FAB}.Debug|Any CPU.ActiveCfg = Debug|Any CPU
		{745D0158-2D7C-4192-AC89-BA0067235FAB}.Debug|Any CPU.Build.0 = Debug|Any CPU
		{745D0158-2D7C-4192-AC89-BA0067235FAB}.Release|Any CPU.ActiveCfg = Release|Any CPU
		{745D0158-2D7C-4192-AC89-BA0067235FAB}.Release|Any CPU.Build.0 = Release|Any CPU
	EndGlobalSection
	GlobalSection(SolutionProperties) = preSolution
		HideSolutionNode = FALSE
	EndGlobalSection
	GlobalSection(ExtensibilityGlobals) = postSolution
		SolutionGuid = {AB2F1EC8-359C-42E3-88EE-0B10FB7BEE27}
	EndGlobalSection
EndGlobal
